
Microsoft Visual Studio Solution File, Format Version 12.00
# Visual Studio Version 16
VisualStudioVersion = 16.0.30204.135
MinimumVisualStudioVersion = 10.0.40219.1
Project("{FAE04EC0-301F-11D3-BF4B-00C04F79EFBC}") = "LoadDLLs", "LoadDLLs\LoadDLLs.csproj", "{5314E69A-087C-49BF-80E9-C26C153F232A}"
EndProject
Global
	GlobalSection(SolutionConfigurationPlatforms) = preSolution
		Debug|Any CPU = Debug|Any CPU
		Release|Any CPU = Release|Any CPU
	EndGlobalSection
	GlobalSection(ProjectConfigurationPlatforms) = postSolution
		{5314E69A-087C-49BF-80E9-C26C153F232A}.Debug|Any CPU.ActiveCfg = Debug|Any CPU
		{5314E69A-087C-49BF-80E9-C26C153F232A}.Debug|Any CPU.Build.0 = Debug|Any CPU
		{5314E69A-087C-49BF-80E9-C26C153F232A}.Release|Any CPU.ActiveCfg = Release|Any CPU
		{5314E69A-087C-49BF-80E9-C26C153F232A}.Release|Any CPU.Build.0 = Release|Any CPU
	EndGlobalSection
	GlobalSection(SolutionProperties) = preSolution
		HideSolutionNode = FALSE
	EndGlobalSection
	GlobalSection(ExtensibilityGlobals) = postSolution
		SolutionGuid = {BA18DA69-D337-4EA5-B487-BF323CCBD91B}
	EndGlobalSection
EndGlobal
