
Microsoft Visual Studio Solution File, Format Version 12.00
# Visual Studio Version 16
VisualStudioVersion = 16.0.30128.74
MinimumVisualStudioVersion = 10.0.40219.1
Project("{9A19103F-16F7-4668-BE54-9A1E7A4F7556}") = "ModuleManager", "ModuleManager\ModuleManager.csproj", "{5C5A5AF2-8D65-4C4D-884A-6883FF7861B3}"
EndProject
Project("{9A19103F-16F7-4668-BE54-9A1E7A4F7556}") = "Common", "Common\Common.csproj", "{0516D37A-BA9C-4A6F-AA5A-599EB8E40959}"
EndProject
Project("{9A19103F-16F7-4668-BE54-9A1E7A4F7556}") = "UI", "Core Modules\UI\UI.csproj", "{7AD78CA8-EE4E-4A42-B844-EB6A61ADC947}"
EndProject
Project("{2150E333-8FDC-42A3-9474-1A3956D46DE8}") = "Expansion Modules", "Expansion Modules", "{6D9F95EB-E3BC-4B7F-B9E4-46A45B4139DE}"
EndProject
Project("{9A19103F-16F7-4668-BE54-9A1E7A4F7556}") = "ModuleA", "Expansion Modules\ModuleA\ModuleA.csproj", "{6FF077B7-ACD3-4FD9-BFD2-EB74620A1EC8}"
EndProject
Project("{2150E333-8FDC-42A3-9474-1A3956D46DE8}") = "Core Modules", "Core Modules", "{9932F414-1E53-4218-8803-E312513FE557}"
EndProject
Project("{9A19103F-16F7-4668-BE54-9A1E7A4F7556}") = "ModuleB", "Expansion Modules\ModuleB\ModuleB.csproj", "{DC8E774C-030D-41B5-B474-0314D3735883}"
EndProject
Global
	GlobalSection(SolutionConfigurationPlatforms) = preSolution
		Debug|Any CPU = Debug|Any CPU
		Debug|x64 = Debug|x64
		Release|Any CPU = Release|Any CPU
		Release|x64 = Release|x64
	EndGlobalSection
	GlobalSection(ProjectConfigurationPlatforms) = postSolution
		{5C5A5AF2-8D65-4C4D-884A-6883FF7861B3}.Debug|Any CPU.ActiveCfg = Debug|x64
		{5C5A5AF2-8D65-4C4D-884A-6883FF7861B3}.Debug|Any CPU.Build.0 = Debug|x64
		{5C5A5AF2-8D65-4C4D-884A-6883FF7861B3}.Debug|x64.ActiveCfg = Debug|x64
		{5C5A5AF2-8D65-4C4D-884A-6883FF7861B3}.Debug|x64.Build.0 = Debug|x64
		{5C5A5AF2-8D65-4C4D-884A-6883FF7861B3}.Release|Any CPU.ActiveCfg = Release|Any CPU
		{5C5A5AF2-8D65-4C4D-884A-6883FF7861B3}.Release|Any CPU.Build.0 = Release|Any CPU
		{5C5A5AF2-8D65-4C4D-884A-6883FF7861B3}.Release|x64.ActiveCfg = Release|x64
		{5C5A5AF2-8D65-4C4D-884A-6883FF7861B3}.Release|x64.Build.0 = Release|x64
		{0516D37A-BA9C-4A6F-AA5A-599EB8E40959}.Debug|Any CPU.ActiveCfg = Debug|x64
		{0516D37A-BA9C-4A6F-AA5A-599EB8E40959}.Debug|Any CPU.Build.0 = Debug|x64
		{0516D37A-BA9C-4A6F-AA5A-599EB8E40959}.Debug|x64.ActiveCfg = Debug|x64
		{0516D37A-BA9C-4A6F-AA5A-599EB8E40959}.Debug|x64.Build.0 = Debug|x64
		{0516D37A-BA9C-4A6F-AA5A-599EB8E40959}.Release|Any CPU.ActiveCfg = Release|Any CPU
		{0516D37A-BA9C-4A6F-AA5A-599EB8E40959}.Release|Any CPU.Build.0 = Release|Any CPU
		{0516D37A-BA9C-4A6F-AA5A-599EB8E40959}.Release|x64.ActiveCfg = Release|x64
		{0516D37A-BA9C-4A6F-AA5A-599EB8E40959}.Release|x64.Build.0 = Release|x64
		{7AD78CA8-EE4E-4A42-B844-EB6A61ADC947}.Debug|Any CPU.ActiveCfg = Debug|x64
		{7AD78CA8-EE4E-4A42-B844-EB6A61ADC947}.Debug|Any CPU.Build.0 = Debug|x64
		{7AD78CA8-EE4E-4A42-B844-EB6A61ADC947}.Debug|x64.ActiveCfg = Debug|x64
		{7AD78CA8-EE4E-4A42-B844-EB6A61ADC947}.Debug|x64.Build.0 = Debug|x64
		{7AD78CA8-EE4E-4A42-B844-EB6A61ADC947}.Release|Any CPU.ActiveCfg = Release|Any CPU
		{7AD78CA8-EE4E-4A42-B844-EB6A61ADC947}.Release|Any CPU.Build.0 = Release|Any CPU
		{7AD78CA8-EE4E-4A42-B844-EB6A61ADC947}.Release|x64.ActiveCfg = Release|x64
		{7AD78CA8-EE4E-4A42-B844-EB6A61ADC947}.Release|x64.Build.0 = Release|x64
		{6FF077B7-ACD3-4FD9-BFD2-EB74620A1EC8}.Debug|Any CPU.ActiveCfg = Debug|x64
		{6FF077B7-ACD3-4FD9-BFD2-EB74620A1EC8}.Debug|Any CPU.Build.0 = Debug|x64
		{6FF077B7-ACD3-4FD9-BFD2-EB74620A1EC8}.Debug|x64.ActiveCfg = Debug|x64
		{6FF077B7-ACD3-4FD9-BFD2-EB74620A1EC8}.Debug|x64.Build.0 = Debug|x64
		{6FF077B7-ACD3-4FD9-BFD2-EB74620A1EC8}.Release|Any CPU.ActiveCfg = Release|Any CPU
		{6FF077B7-ACD3-4FD9-BFD2-EB74620A1EC8}.Release|Any CPU.Build.0 = Release|Any CPU
		{6FF077B7-ACD3-4FD9-BFD2-EB74620A1EC8}.Release|x64.ActiveCfg = Release|x64
		{6FF077B7-ACD3-4FD9-BFD2-EB74620A1EC8}.Release|x64.Build.0 = Release|x64
		{DC8E774C-030D-41B5-B474-0314D3735883}.Debug|Any CPU.ActiveCfg = Debug|x64
		{DC8E774C-030D-41B5-B474-0314D3735883}.Debug|Any CPU.Build.0 = Debug|x64
		{DC8E774C-030D-41B5-B474-0314D3735883}.Debug|x64.ActiveCfg = Debug|x64
		{DC8E774C-030D-41B5-B474-0314D3735883}.Debug|x64.Build.0 = Debug|x64
		{DC8E774C-030D-41B5-B474-0314D3735883}.Release|Any CPU.ActiveCfg = Release|Any CPU
		{DC8E774C-030D-41B5-B474-0314D3735883}.Release|Any CPU.Build.0 = Release|Any CPU
		{DC8E774C-030D-41B5-B474-0314D3735883}.Release|x64.ActiveCfg = Release|x64
		{DC8E774C-030D-41B5-B474-0314D3735883}.Release|x64.Build.0 = Release|x64
	EndGlobalSection
	GlobalSection(SolutionProperties) = preSolution
		HideSolutionNode = FALSE
	EndGlobalSection
	GlobalSection(NestedProjects) = preSolution
		{7AD78CA8-EE4E-4A42-B844-EB6A61ADC947} = {9932F414-1E53-4218-8803-E312513FE557}
		{6FF077B7-ACD3-4FD9-BFD2-EB74620A1EC8} = {6D9F95EB-E3BC-4B7F-B9E4-46A45B4139DE}
		{DC8E774C-030D-41B5-B474-0314D3735883} = {6D9F95EB-E3BC-4B7F-B9E4-46A45B4139DE}
	EndGlobalSection
	GlobalSection(ExtensibilityGlobals) = postSolution
		SolutionGuid = {8A21F156-08D3-493D-831A-05B18C9DF0A7}
	EndGlobalSection
EndGlobal
