
Microsoft Visual Studio Solution File, Format Version 12.00
# Visual Studio Version 16
VisualStudioVersion = 16.0.30204.135
MinimumVisualStudioVersion = 10.0.40219.1
Project("{FAE04EC0-301F-11D3-BF4B-00C04F79EFBC}") = "ModuleManager", "ModuleManager\ModuleManager.csproj", "{5F651A55-2C08-404B-AD6E-E6B8C0E3DAC5}"
EndProject
Project("{FAE04EC0-301F-11D3-BF4B-00C04F79EFBC}") = "ClassLibrary1", "ClassLibrary1\ClassLibrary1.csproj", "{A0662438-6AC0-4D96-8948-312CD6FE515F}"
EndProject
Global
	GlobalSection(SolutionConfigurationPlatforms) = preSolution
		Debug|Any CPU = Debug|Any CPU
		Release|Any CPU = Release|Any CPU
	EndGlobalSection
	GlobalSection(ProjectConfigurationPlatforms) = postSolution
		{5F651A55-2C08-404B-AD6E-E6B8C0E3DAC5}.Debug|Any CPU.ActiveCfg = Debug|Any CPU
		{5F651A55-2C08-404B-AD6E-E6B8C0E3DAC5}.Debug|Any CPU.Build.0 = Debug|Any CPU
		{5F651A55-2C08-404B-AD6E-E6B8C0E3DAC5}.Release|Any CPU.ActiveCfg = Release|Any CPU
		{5F651A55-2C08-404B-AD6E-E6B8C0E3DAC5}.Release|Any CPU.Build.0 = Release|Any CPU
		{A0662438-6AC0-4D96-8948-312CD6FE515F}.Debug|Any CPU.ActiveCfg = Debug|Any CPU
		{A0662438-6AC0-4D96-8948-312CD6FE515F}.Debug|Any CPU.Build.0 = Debug|Any CPU
		{A0662438-6AC0-4D96-8948-312CD6FE515F}.Release|Any CPU.ActiveCfg = Release|Any CPU
		{A0662438-6AC0-4D96-8948-312CD6FE515F}.Release|Any CPU.Build.0 = Release|Any CPU
	EndGlobalSection
	GlobalSection(SolutionProperties) = preSolution
		HideSolutionNode = FALSE
	EndGlobalSection
	GlobalSection(ExtensibilityGlobals) = postSolution
		SolutionGuid = {B3211168-3B98-4276-A81D-E1626EB49CF1}
	EndGlobalSection
EndGlobal
